github.com/YarikGuk/GoHelloModule v1.0.0 h1:OoWaVLo9SmyWDlBzdQzwurn7fSlrDi4H1QI2yLIdIwg=
github.com/YarikGuk/GoHelloModule v1.0.0/go.mod h1:zHRzRWijZ9JuKc1EnAkMtV2il2UeqcD1RXzjUlu88bU=
github.com/YarikGuk/GoHelloModule v1.1.0 h1:V5HU4YoZ2RkuXycEp9wrvrKfF23gOUOwoXvcHN6CBao=
github.com/YarikGuk/GoHelloModule v1.1.0/go.mod h1:zHRzRWijZ9JuKc1EnAkMtV2il2UeqcD1RXzjUlu88bU=
